
Microsoft Visual Studio Solution File, Format Version 12.00
# Visual Studio 15
VisualStudioVersion = 15.0.28306.52
MinimumVisualStudioVersion = 10.0.40219.1
Project("{8BC9CEB8-8B4A-11D0-8D11-00A0C91BC942}") = "Project3", "Project3\Project3.vcxproj", "{55B79D12-0793-46DF-B674-2423C9E1E529}"
EndProject
Global
	GlobalSection(SolutionConfigurationPlatforms) = preSolution
		Debug|x64 = Debug|x64
		Debug|x86 = Debug|x86
		Release|x64 = Release|x64
		Release|x86 = Release|x86
	EndGlobalSection
	GlobalSection(ProjectConfigurationPlatforms) = postSolution
		{55B79D12-0793-46DF-B674-2423C9E1E529}.Debug|x64.ActiveCfg = Debug|x64
		{55B79D12-0793-46DF-B674-2423C9E1E529}.Debug|x64.Build.0 = Debug|x64
		{55B79D12-0793-46DF-B674-2423C9E1E529}.Debug|x86.ActiveCfg = Debug|Win32
		{55B79D12-0793-46DF-B674-2423C9E1E529}.Debug|x86.Build.0 = Debug|Win32
		{55B79D12-0793-46DF-B674-2423C9E1E529}.Release|x64.ActiveCfg = Release|x64
		{55B79D12-0793-46DF-B674-2423C9E1E529}.Release|x64.Build.0 = Release|x64
		{55B79D12-0793-46DF-B674-2423C9E1E529}.Release|x86.ActiveCfg = Release|Win32
		{55B79D12-0793-46DF-B674-2423C9E1E529}.Release|x86.Build.0 = Release|Win32
	EndGlobalSection
	GlobalSection(SolutionProperties) = preSolution
		HideSolutionNode = FALSE
	EndGlobalSection
	GlobalSection(ExtensibilityGlobals) = postSolution
		SolutionGuid = {C00CFE66-B006-4543-A5C5-8EF2E5EC04FE}
	EndGlobalSection
EndGlobal
